
Microsoft Visual Studio Solution File, Format Version 12.00
# Visual Studio Version 16
VisualStudioVersion = 16.0.31129.286
MinimumVisualStudioVersion = 10.0.40219.1
Project("{FAE04EC0-301F-11D3-BF4B-00C04F79EFBC}") = "TestAgile", "TestAgile\TestAgile.csproj", "{BA940321-78E2-4254-8962-363FD2A643C6}"
EndProject
Global
	GlobalSection(SolutionConfigurationPlatforms) = preSolution
		Debug|Any CPU = Debug|Any CPU
		Release|Any CPU = Release|Any CPU
	EndGlobalSection
	GlobalSection(ProjectConfigurationPlatforms) = postSolution
		{BA940321-78E2-4254-8962-363FD2A643C6}.Debug|Any CPU.ActiveCfg = Debug|Any CPU
		{BA940321-78E2-4254-8962-363FD2A643C6}.Debug|Any CPU.Build.0 = Debug|Any CPU
		{BA940321-78E2-4254-8962-363FD2A643C6}.Release|Any CPU.ActiveCfg = Release|Any CPU
		{BA940321-78E2-4254-8962-363FD2A643C6}.Release|Any CPU.Build.0 = Release|Any CPU
	EndGlobalSection
	GlobalSection(SolutionProperties) = preSolution
		HideSolutionNode = FALSE
	EndGlobalSection
	GlobalSection(ExtensibilityGlobals) = postSolution
		SolutionGuid = {169F21E6-145C-4B27-886D-2751D0B54859}
	EndGlobalSection
EndGlobal
